<?xml version="1.0" encoding="utf-8"?>
<Project ToolsVersion="4.0" xmlns="http://schemas.microsoft.com/developer/msbuild/2003">
  <ItemGroup>
    <Filter Include="Source Files">
      <UniqueIdentifier>{4FC737F1-C7A5-4376-A066-2A32D752A2FF}</UniqueIdentifier>
      <Extensions>cpp;c;cc;cxx;def;odl;idl;hpj;bat;asm;asmx</Extensions>
    </Filter>
    <Filter Include="Header Files">
      <UniqueIdentifier>{93995380-89BD-4b04-88EB-625FBE52EBFB}</UniqueIdentifier>
      <Extensions>h;hh;hpp;hxx;hm;inl;inc;ipp;xsd</Extensions>
    </Filter>
    <Filter Include="Resource Files">
      <UniqueIdentifier>{67DA6AB6-F800-4c08-8B7A-83BB121AAD01}</UniqueIdentifier>
      <Extensions>rc;ico;cur;bmp;dlg;rc2;rct;bin;rgs;gif;jpg;jpeg;jpe;resx;tiff;tif;png;wav;mfcribbon-ms</Extensions>
    </Filter>
    <Filter Include="Nodes">
      <UniqueIdentifier>{3dd97282-5261-469b-ad41-fda93944e4c4}</UniqueIdentifier>
    </Filter>
    <Filter Include="Nodes H">
      <UniqueIdentifier>{458e0fed-73fd-4db8-850d-834445e8e3f1}</UniqueIdentifier>
    </Filter>
    <Filter Include="Cpp Files">
      <UniqueIdentifier>{be03c280-55f8-4533-8e45-db21c2cf3b89}</UniqueIdentifier>
    </Filter>
    <Filter Include="Controller">
      <UniqueIdentifier>{13d7d0ca-85bd-4aa9-896a-54f6666b1064}</UniqueIdentifier>
    </Filter>
  </ItemGroup>
  <ItemGroup>
    <ClCompile Include="EDD_Proyecto1.cpp">
      <Filter>Source Files</Filter>
    </ClCompile>
    <ClCompile Include="TreeNode.cpp">
      <Filter>Nodes</Filter>
    </ClCompile>
    <ClCompile Include="DictionaryNode.cpp">
      <Filter>Nodes</Filter>
    </ClCompile>
    <ClCompile Include="ScoreBoardNode.cpp">
      <Filter>Nodes</Filter>
    </ClCompile>
    <ClCompile Include="LDC_DictionaryList.cpp">
      <Filter>Cpp Files</Filter>
    </ClCompile>
    <ClCompile Include="LS_ScoreBoardList.cpp">
      <Filter>Cpp Files</Filter>
    </ClCompile>
    <ClCompile Include="UsersBinaryTree.cpp">
      <Filter>Cpp Files</Filter>
    </ClCompile>
    <ClCompile Include="GameChipNode.cpp">
      <Filter>Nodes</Filter>
    </ClCompile>
    <ClCompile Include="Queue_GameChip.cpp">
      <Filter>Cpp Files</Filter>
    </ClCompile>
    <ClCompile Include="Menu.cpp">
      <Filter>Source Files</Filter>
    </ClCompile>
    <ClCompile Include="JSON.cpp">
      <Filter>Cpp Files</Filter>
    </ClCompile>
    <ClCompile Include="StructureController.cpp">
      <Filter>Controller</Filter>
    </ClCompile>
    <ClCompile Include="CasillaNode.cpp">
      <Filter>Nodes</Filter>
    </ClCompile>
    <ClCompile Include="CasillaController.cpp">
      <Filter>Controller</Filter>
    </ClCompile>
    <ClCompile Include="Matrix.cpp">
      <Filter>Cpp Files</Filter>
    </ClCompile>
    <ClCompile Include="MatrixNode.cpp">
      <Filter>Nodes</Filter>
    </ClCompile>
    <ClCompile Include="Letter.cpp">
      <Filter>Nodes</Filter>
    </ClCompile>
    <ClCompile Include="LetterPlayer.cpp">
      <Filter>Nodes</Filter>
    </ClCompile>
    <ClCompile Include="LD_LetterPlayer.cpp">
      <Filter>Cpp Files</Filter>
    </ClCompile>
    <ClCompile Include="LS_TreeTour.cpp">
      <Filter>Cpp Files</Filter>
    </ClCompile>
    <ClCompile Include="LS_GameHistory.cpp">
      <Filter>Cpp Files</Filter>
    </ClCompile>
  </ItemGroup>
  <ItemGroup>
    <ClInclude Include="ScoreBoardList.h">
      <Filter>Header Files</Filter>
    </ClInclude>
    <ClInclude Include="UsersBinaryTree.h">
      <Filter>Header Files</Filter>
    </ClInclude>
    <ClInclude Include="LDC_DictionaryList.h">
      <Filter>Header Files</Filter>
    </ClInclude>
    <ClInclude Include="DictionaryNode.h">
      <Filter>Nodes H</Filter>
    </ClInclude>
    <ClInclude Include="TreeNode.h">
      <Filter>Nodes H</Filter>
    </ClInclude>
    <ClInclude Include="ScoreBoardNode.h">
      <Filter>Nodes H</Filter>
    </ClInclude>
    <ClInclude Include="GameChipNode.h">
      <Filter>Nodes H</Filter>
    </ClInclude>
    <ClInclude Include="Queue_GameChip.h">
      <Filter>Header Files</Filter>
    </ClInclude>
    <ClInclude Include="MatrixNode.h">
      <Filter>Nodes H</Filter>
    </ClInclude>
    <ClInclude Include="Menu.h">
      <Filter>Header Files</Filter>
    </ClInclude>
    <ClInclude Include="resource.h">
      <Filter>Header Files</Filter>
    </ClInclude>
    <ClInclude Include="JSON.h">
      <Filter>Header Files</Filter>
    </ClInclude>
    <ClInclude Include="StructureController.h">
      <Filter>Controller</Filter>
    </ClInclude>
    <ClInclude Include="CasillaNode.h">
      <Filter>Header Files</Filter>
    </ClInclude>
    <ClInclude Include="CasillaController.h">
      <Filter>Controller</Filter>
    </ClInclude>
    <ClInclude Include="Matrix.h">
      <Filter>Header Files</Filter>
    </ClInclude>
    <ClInclude Include="Letter.h">
      <Filter>Header Files</Filter>
    </ClInclude>
    <ClInclude Include="LetterPlayer.h">
      <Filter>Header Files</Filter>
    </ClInclude>
    <ClInclude Include="LD_LetterPlayer.h">
      <Filter>Header Files</Filter>
    </ClInclude>
    <ClInclude Include="LS_TreeTour.h">
      <Filter>Header Files</Filter>
    </ClInclude>
    <ClInclude Include="LS_GameHistory.h">
      <Filter>Header Files</Filter>
    </ClInclude>
  </ItemGroup>
  <ItemGroup>
    <ResourceCompile Include="EDD_Proyecto1.rc">
      <Filter>Resource Files</Filter>
    </ResourceCompile>
  </ItemGroup>
</Project>